lockfileVersion: '9.0'

settings:
  autoInstallPeers: true
  excludeLinksFromLockfile: false

importers:

  .:
    dependencies:
      core:
        specifier: workspace:*
        version: link:../../packages/isomorphic-core
      i18next:
        specifier: ^26.2.0
        version: 26.2.0
      i18next-browser-languagedetector:
        specifier: ^8.2.1
        version: 8.2.1
      react:
        specifier: 19.0.0
        version: 19.0.0
      react-i18next:
        specifier: ^15.7.4
        version: 15.7.4(i18next@26.2.0)(react@19.0.0)
    devDependencies:
      tailwind-config:
        specifier: workspace:*
        version: link:../../packages/config-tailwind
      typescript-config:
        specifier: workspace:*
        version: link:../../packages/config-typescript

packages:

  '@babel/runtime@7.29.2':
    resolution: {integrity: sha512-JiDShH45zKHWyGe4ZNVRrCjBz8Nh9TMmZG1kh4QTK8hCBTWBi8Da+i7s1fJw7/lYpM4ccepSNfqzZ/QvABBi5g==}
    engines: {node: '>=6.9.0'}

  html-parse-stringify@3.0.1:
    resolution: {integrity: sha512-KknJ50kTInJ7qIScF3jeaFRpMpE8/lfiTdzf/twXyPBLAGrLRTmkz3AdTnKeh40X8k9L2fdYwEp/42WGXIRGcg==}

  i18next-browser-languagedetector@8.2.1:
    resolution: {integrity: sha512-bZg8+4bdmaOiApD7N7BPT9W8MLZG+nPTOFlLiJiT8uzKXFjhxw4v2ierCXOwB5sFDMtuA5G4kgYZ0AznZxQ/cw==}

  i18next@26.2.0:
    resolution: {integrity: sha512-zwBHldHdTmwN7r6UNc7lC6GWNN+YYg3DrRSeHR5PRRBf5QnJZcYHrQc0uaU26qZeYxR7iFZD+Y315dPnKP47wA==}
    peerDependencies:
      typescript: ^5 || ^6
    peerDependenciesMeta:
      typescript:
        optional: true

  react-i18next@15.7.4:
    resolution: {integrity: sha512-nyU8iKNrI5uDJch0z9+Y5XEr34b0wkyYj3Rp+tfbahxtlswxSCjcUL9H0nqXo9IR3/t5Y5PKIA3fx3MfUyR9Xw==}
    peerDependencies:
      i18next: '>= 23.4.0'
      react: '>= 16.8.0'
      react-dom: '*'
      react-native: '*'
      typescript: ^5
    peerDependenciesMeta:
      react-dom:
        optional: true
      react-native:
        optional: true
      typescript:
        optional: true

  react@19.0.0:
    resolution: {integrity: sha512-V8AVnmPIICiWpGfm6GLzCR/W5FXLchHop40W4nXBmdlEceh16rCN8O8LNWm5bh5XUX91fh7KpA+W0TgMKmgTpQ==}
    engines: {node: '>=0.10.0'}

  void-elements@3.1.0:
    resolution: {integrity: sha512-Dhxzh5HZuiHQhbvTW9AMetFfBHDMYpo23Uo9btPXgdYP+3T5S+p+jgNy7spra+veYhBP2dCSgxR/i2Y02h5/6w==}
    engines: {node: '>=0.10.0'}

snapshots:

  '@babel/runtime@7.29.2': {}

  html-parse-stringify@3.0.1:
    dependencies:
      void-elements: 3.1.0

  i18next-browser-languagedetector@8.2.1:
    dependencies:
      '@babel/runtime': 7.29.2

  i18next@26.2.0: {}

  react-i18next@15.7.4(i18next@26.2.0)(react@19.0.0):
    dependencies:
      '@babel/runtime': 7.29.2
      html-parse-stringify: 3.0.1
      i18next: 26.2.0
      react: 19.0.0

  react@19.0.0: {}

  void-elements@3.1.0: {}
